github.com/yohimik/dispat/pkg/manifest v1.0.0-rc.0 h1:a5na3zSqyJs5dUbQMe+Hn3rKQDcrTdmx09XT9oYNFYw=
github.com/yohimik/dispat/pkg/manifest v1.0.0-rc.0/go.mod h1:DFkXSrUuECVXTNJPPF0GClKTBdWOpl5/sGjANqR49KU=
golang.org/x/mod v0.29.0 h1:HV8lRxZC4l2cr3Zq1LvtOsi/ThTgWnUk/y64QSs8GwA=
golang.org/x/mod v0.29.0/go.mod h1:NyhrlYXJ2H4eJiRy/WDBO6HMqZQ6q9nk4JzS3NuCK+w=
